---
packages:
  common_cells:
    revision: a06e4beb08b8c0a5ef2c85d9afcfe0d96be76f30
    version: 1.20.0
    source:
      Git: "https://github.com/pulp-platform/common_cells.git"
    dependencies:
      - common_verification
      - tech_cells_generic
  common_verification:
    revision: 0143451d43d2026310c802d9c108b6ed2954fcef
    version: 0.1.2
    source:
      Git: "https://github.com/pulp-platform/common_verification.git"
    dependencies: []
  tech_cells_generic:
    revision: f5919f811921e5fc30c9ddaedd001b8a9b1dab1f
    version: 0.2.2
    source:
      Git: "https://github.com/pulp-platform/tech_cells_generic.git"
    dependencies:
      - common_verification